{
  "name": "bs-refmt",
  "version": "0.2.0",
  "lockfileVersion": 1,
  "requires": true,
  "dependencies": {
    "bs-platform": {
      "version": "2.2.2",
      "resolved": "https://registry.npmjs.org/bs-platform/-/bs-platform-2.2.2.tgz",
      "integrity": "sha1-lf83cZdxu/MQ6Ddv7dEUiGXA2hk=",
      "dev": true
    },
    "reason": {
      "version": "3.1.0",
      "resolved": "https://registry.npmjs.org/reason/-/reason-3.1.0.tgz",
      "integrity": "sha512-7PL7FiwhZf326M8PCJb1U/OReyWlBL8354V53NoZkS0OYehGudrUSqu1X8lsR7m5hy8E+oaBUbjESRnU9Xk/mQ=="
    }
  }
}
