{
  "name": "bs-refmt",
  "version": "0.1.0",
  "lockfileVersion": 1,
  "requires": true,
  "dependencies": {
    "bs-platform": {
      "version": "2.1.0",
      "resolved": "https://registry.npmjs.org/bs-platform/-/bs-platform-2.1.0.tgz",
      "integrity": "sha1-Y1YP+PcULJwGMVWd8cNVkLn22LI=",
      "dev": true
    },
    "reason": {
      "version": "3.0.2",
      "resolved": "https://registry.npmjs.org/reason/-/reason-3.0.2.tgz",
      "integrity": "sha512-cO3fXOAPPnle7hX6vqesJlxWmLqgroR9DUmKfT8zRJ7+dpooC5SXUEZaRtu1+e87xEoVzC1hF5Ho+RoRE5sbfA=="
    }
  }
}
